
Microsoft Visual Studio Solution File, Format Version 12.00
# Visual Studio Version 16
VisualStudioVersion = 16.0.810.7
MinimumVisualStudioVersion = 10.0.40219.1
Project("{FAE04EC0-301F-11D3-BF4B-00C04F79EFBC}") = "BethanysPieShopHRM", "BethanysPieShopHRM\BethanysPieShopHRM.csproj", "{70D36D54-E52F-41F6-BC7E-69D8AB7EF052}"
EndProject
Global
	GlobalSection(SolutionConfigurationPlatforms) = preSolution
		Debug|Any CPU = Debug|Any CPU
		Release|Any CPU = Release|Any CPU
	EndGlobalSection
	GlobalSection(ProjectConfigurationPlatforms) = postSolution
		{70D36D54-E52F-41F6-BC7E-69D8AB7EF052}.Debug|Any CPU.ActiveCfg = Debug|Any CPU
		{70D36D54-E52F-41F6-BC7E-69D8AB7EF052}.Debug|Any CPU.Build.0 = Debug|Any CPU
		{70D36D54-E52F-41F6-BC7E-69D8AB7EF052}.Release|Any CPU.ActiveCfg = Release|Any CPU
		{70D36D54-E52F-41F6-BC7E-69D8AB7EF052}.Release|Any CPU.Build.0 = Release|Any CPU
	EndGlobalSection
	GlobalSection(SolutionProperties) = preSolution
		HideSolutionNode = FALSE
	EndGlobalSection
	GlobalSection(ExtensibilityGlobals) = postSolution
		SolutionGuid = {D3C5F8EA-372A-45FE-BF7E-27B57BE1A901}
	EndGlobalSection
EndGlobal
