
Microsoft Visual Studio Solution File, Format Version 12.00
# Visual Studio Version 16
VisualStudioVersion = 16.0.810.7
MinimumVisualStudioVersion = 10.0.40219.1
Project("{FAE04EC0-301F-11D3-BF4B-00C04F79EFBC}") = "BethanysPieShopHRM9", "BethanysPieShopHRM9\BethanysPieShopHRM9.csproj", "{670A385E-AF70-425C-AAF8-28A51BA86F90}"
EndProject
Global
	GlobalSection(SolutionConfigurationPlatforms) = preSolution
		Debug|Any CPU = Debug|Any CPU
		Release|Any CPU = Release|Any CPU
	EndGlobalSection
	GlobalSection(ProjectConfigurationPlatforms) = postSolution
		{670A385E-AF70-425C-AAF8-28A51BA86F90}.Debug|Any CPU.ActiveCfg = Debug|Any CPU
		{670A385E-AF70-425C-AAF8-28A51BA86F90}.Debug|Any CPU.Build.0 = Debug|Any CPU
		{670A385E-AF70-425C-AAF8-28A51BA86F90}.Release|Any CPU.ActiveCfg = Release|Any CPU
		{670A385E-AF70-425C-AAF8-28A51BA86F90}.Release|Any CPU.Build.0 = Release|Any CPU
	EndGlobalSection
	GlobalSection(SolutionProperties) = preSolution
		HideSolutionNode = FALSE
	EndGlobalSection
	GlobalSection(ExtensibilityGlobals) = postSolution
		SolutionGuid = {A5BEA179-284B-4B62-A0E5-587E1EE1C187}
	EndGlobalSection
EndGlobal
